
Microsoft Visual Studio Solution File, Format Version 12.00
# Visual Studio 15
VisualStudioVersion = 15.0.28307.572
MinimumVisualStudioVersion = 10.0.40219.1
Project("{FAE04EC0-301F-11D3-BF4B-00C04F79EFBC}") = "SiteHandTraining.Android", "SiteHandTraining\SiteHandTraining.Android\SiteHandTraining.Android.csproj", "{9BF1D906-D382-4BE5-8665-8829ABBC669D}"
EndProject
Project("{FAE04EC0-301F-11D3-BF4B-00C04F79EFBC}") = "SiteHandTraining.iOS", "SiteHandTraining\SiteHandTraining.iOS\SiteHandTraining.iOS.csproj", "{93B5D752-F37E-4749-AA74-1B1100033C6F}"
EndProject
Project("{9A19103F-16F7-4668-BE54-9A1E7A4F7556}") = "SiteHand.Core", "SiteHand.Core\SiteHand.Core.csproj", "{30377269-FA54-40A4-A20C-B6E874F134AE}"
EndProject
Project("{FAE04EC0-301F-11D3-BF4B-00C04F79EFBC}") = "UnitTestSiteHand", "UnitTestSiteHand\UnitTestSiteHand.csproj", "{89E50C08-CE0F-4D4B-AF64-131564FB2BCF}"
EndProject
Global
	GlobalSection(SolutionConfigurationPlatforms) = preSolution
		Debug|Any CPU = Debug|Any CPU
		Debug|iPhone = Debug|iPhone
		Debug|iPhoneSimulator = Debug|iPhoneSimulator
		Release|Any CPU = Release|Any CPU
		Release|iPhone = Release|iPhone
		Release|iPhoneSimulator = Release|iPhoneSimulator
	EndGlobalSection
	GlobalSection(ProjectConfigurationPlatforms) = postSolution
		{9BF1D906-D382-4BE5-8665-8829ABBC669D}.Debug|Any CPU.ActiveCfg = Debug|Any CPU
		{9BF1D906-D382-4BE5-8665-8829ABBC669D}.Debug|Any CPU.Build.0 = Debug|Any CPU
		{9BF1D906-D382-4BE5-8665-8829ABBC669D}.Debug|Any CPU.Deploy.0 = Debug|Any CPU
		{9BF1D906-D382-4BE5-8665-8829ABBC669D}.Debug|iPhone.ActiveCfg = Debug|Any CPU
		{9BF1D906-D382-4BE5-8665-8829ABBC669D}.Debug|iPhone.Build.0 = Debug|Any CPU
		{9BF1D906-D382-4BE5-8665-8829ABBC669D}.Debug|iPhone.Deploy.0 = Debug|Any CPU
		{9BF1D906-D382-4BE5-8665-8829ABBC669D}.Debug|iPhoneSimulator.ActiveCfg = Debug|Any CPU
		{9BF1D906-D382-4BE5-8665-8829ABBC669D}.Debug|iPhoneSimulator.Build.0 = Debug|Any CPU
		{9BF1D906-D382-4BE5-8665-8829ABBC669D}.Debug|iPhoneSimulator.Deploy.0 = Debug|Any CPU
		{9BF1D906-D382-4BE5-8665-8829ABBC669D}.Release|Any CPU.ActiveCfg = Release|Any CPU
		{9BF1D906-D382-4BE5-8665-8829ABBC669D}.Release|Any CPU.Build.0 = Release|Any CPU
		{9BF1D906-D382-4BE5-8665-8829ABBC669D}.Release|Any CPU.Deploy.0 = Release|Any CPU
		{9BF1D906-D382-4BE5-8665-8829ABBC669D}.Release|iPhone.ActiveCfg = Release|Any CPU
		{9BF1D906-D382-4BE5-8665-8829ABBC669D}.Release|iPhone.Build.0 = Release|Any CPU
		{9BF1D906-D382-4BE5-8665-8829ABBC669D}.Release|iPhone.Deploy.0 = Release|Any CPU
		{9BF1D906-D382-4BE5-8665-8829ABBC669D}.Release|iPhoneSimulator.ActiveCfg = Release|Any CPU
		{9BF1D906-D382-4BE5-8665-8829ABBC669D}.Release|iPhoneSimulator.Build.0 = Release|Any CPU
		{9BF1D906-D382-4BE5-8665-8829ABBC669D}.Release|iPhoneSimulator.Deploy.0 = Release|Any CPU
		{93B5D752-F37E-4749-AA74-1B1100033C6F}.Debug|Any CPU.ActiveCfg = Debug|iPhoneSimulator
		{93B5D752-F37E-4749-AA74-1B1100033C6F}.Debug|Any CPU.Build.0 = Debug|iPhoneSimulator
		{93B5D752-F37E-4749-AA74-1B1100033C6F}.Debug|Any CPU.Deploy.0 = Debug|iPhoneSimulator
		{93B5D752-F37E-4749-AA74-1B1100033C6F}.Debug|iPhone.ActiveCfg = Debug|iPhone
		{93B5D752-F37E-4749-AA74-1B1100033C6F}.Debug|iPhone.Build.0 = Debug|iPhone
		{93B5D752-F37E-4749-AA74-1B1100033C6F}.Debug|iPhone.Deploy.0 = Debug|iPhone
		{93B5D752-F37E-4749-AA74-1B1100033C6F}.Debug|iPhoneSimulator.ActiveCfg = Debug|iPhoneSimulator
		{93B5D752-F37E-4749-AA74-1B1100033C6F}.Debug|iPhoneSimulator.Build.0 = Debug|iPhoneSimulator
		{93B5D752-F37E-4749-AA74-1B1100033C6F}.Debug|iPhoneSimulator.Deploy.0 = Debug|iPhoneSimulator
		{93B5D752-F37E-4749-AA74-1B1100033C6F}.Release|Any CPU.ActiveCfg = Release|iPhone
		{93B5D752-F37E-4749-AA74-1B1100033C6F}.Release|Any CPU.Build.0 = Release|iPhone
		{93B5D752-F37E-4749-AA74-1B1100033C6F}.Release|Any CPU.Deploy.0 = Release|iPhone
		{93B5D752-F37E-4749-AA74-1B1100033C6F}.Release|iPhone.ActiveCfg = Release|iPhone
		{93B5D752-F37E-4749-AA74-1B1100033C6F}.Release|iPhone.Build.0 = Release|iPhone
		{93B5D752-F37E-4749-AA74-1B1100033C6F}.Release|iPhone.Deploy.0 = Release|iPhone
		{93B5D752-F37E-4749-AA74-1B1100033C6F}.Release|iPhoneSimulator.ActiveCfg = Release|iPhoneSimulator
		{93B5D752-F37E-4749-AA74-1B1100033C6F}.Release|iPhoneSimulator.Build.0 = Release|iPhoneSimulator
		{93B5D752-F37E-4749-AA74-1B1100033C6F}.Release|iPhoneSimulator.Deploy.0 = Release|iPhoneSimulator
		{30377269-FA54-40A4-A20C-B6E874F134AE}.Debug|Any CPU.ActiveCfg = Debug|Any CPU
		{30377269-FA54-40A4-A20C-B6E874F134AE}.Debug|Any CPU.Build.0 = Debug|Any CPU
		{30377269-FA54-40A4-A20C-B6E874F134AE}.Debug|iPhone.ActiveCfg = Debug|Any CPU
		{30377269-FA54-40A4-A20C-B6E874F134AE}.Debug|iPhone.Build.0 = Debug|Any CPU
		{30377269-FA54-40A4-A20C-B6E874F134AE}.Debug|iPhoneSimulator.ActiveCfg = Debug|Any CPU
		{30377269-FA54-40A4-A20C-B6E874F134AE}.Debug|iPhoneSimulator.Build.0 = Debug|Any CPU
		{30377269-FA54-40A4-A20C-B6E874F134AE}.Release|Any CPU.ActiveCfg = Release|Any CPU
		{30377269-FA54-40A4-A20C-B6E874F134AE}.Release|Any CPU.Build.0 = Release|Any CPU
		{30377269-FA54-40A4-A20C-B6E874F134AE}.Release|iPhone.ActiveCfg = Release|Any CPU
		{30377269-FA54-40A4-A20C-B6E874F134AE}.Release|iPhone.Build.0 = Release|Any CPU
		{30377269-FA54-40A4-A20C-B6E874F134AE}.Release|iPhoneSimulator.ActiveCfg = Release|Any CPU
		{30377269-FA54-40A4-A20C-B6E874F134AE}.Release|iPhoneSimulator.Build.0 = Release|Any CPU
		{89E50C08-CE0F-4D4B-AF64-131564FB2BCF}.Debug|Any CPU.ActiveCfg = Debug|Any CPU
		{89E50C08-CE0F-4D4B-AF64-131564FB2BCF}.Debug|Any CPU.Build.0 = Debug|Any CPU
		{89E50C08-CE0F-4D4B-AF64-131564FB2BCF}.Debug|iPhone.ActiveCfg = Debug|Any CPU
		{89E50C08-CE0F-4D4B-AF64-131564FB2BCF}.Debug|iPhone.Build.0 = Debug|Any CPU
		{89E50C08-CE0F-4D4B-AF64-131564FB2BCF}.Debug|iPhoneSimulator.ActiveCfg = Debug|Any CPU
		{89E50C08-CE0F-4D4B-AF64-131564FB2BCF}.Debug|iPhoneSimulator.Build.0 = Debug|Any CPU
		{89E50C08-CE0F-4D4B-AF64-131564FB2BCF}.Release|Any CPU.ActiveCfg = Release|Any CPU
		{89E50C08-CE0F-4D4B-AF64-131564FB2BCF}.Release|Any CPU.Build.0 = Release|Any CPU
		{89E50C08-CE0F-4D4B-AF64-131564FB2BCF}.Release|iPhone.ActiveCfg = Release|Any CPU
		{89E50C08-CE0F-4D4B-AF64-131564FB2BCF}.Release|iPhone.Build.0 = Release|Any CPU
		{89E50C08-CE0F-4D4B-AF64-131564FB2BCF}.Release|iPhoneSimulator.ActiveCfg = Release|Any CPU
		{89E50C08-CE0F-4D4B-AF64-131564FB2BCF}.Release|iPhoneSimulator.Build.0 = Release|Any CPU
	EndGlobalSection
	GlobalSection(SolutionProperties) = preSolution
		HideSolutionNode = FALSE
	EndGlobalSection
	GlobalSection(ExtensibilityGlobals) = postSolution
		SolutionGuid = {8D49A71D-6BEB-4FD3-B839-65B717549F39}
	EndGlobalSection
EndGlobal
